
Microsoft Visual Studio Solution File, Format Version 12.00
# Visual Studio Version 16
VisualStudioVersion = 25.0.1700.7
MinimumVisualStudioVersion = 10.0.40219.1
Project("{FAE04EC0-301F-11D3-BF4B-00C04F79EFBC}") = "SMTPMail", "SMTPMail\SMTPMail.csproj", "{5BA9295C-23DF-4A98-B3B0-BF8678BD6251}"
EndProject
Global
	GlobalSection(SolutionConfigurationPlatforms) = preSolution
		Debug|Any CPU = Debug|Any CPU
		Release|Any CPU = Release|Any CPU
	EndGlobalSection
	GlobalSection(ProjectConfigurationPlatforms) = postSolution
		{5BA9295C-23DF-4A98-B3B0-BF8678BD6251}.Debug|Any CPU.ActiveCfg = Debug|Any CPU
		{5BA9295C-23DF-4A98-B3B0-BF8678BD6251}.Debug|Any CPU.Build.0 = Debug|Any CPU
		{5BA9295C-23DF-4A98-B3B0-BF8678BD6251}.Release|Any CPU.ActiveCfg = Release|Any CPU
		{5BA9295C-23DF-4A98-B3B0-BF8678BD6251}.Release|Any CPU.Build.0 = Release|Any CPU
	EndGlobalSection
	GlobalSection(SolutionProperties) = preSolution
		HideSolutionNode = FALSE
	EndGlobalSection
	GlobalSection(ExtensibilityGlobals) = postSolution
		SolutionGuid = {3460DB90-D5A4-4F4A-AA5F-0E9E102980BF}
	EndGlobalSection
EndGlobal
